<?xml version="1.0" encoding="utf-8"?>
<Project xmlns="http://schemas.microsoft.com/developer/msbuild/2003">
  <ItemGroup>
    <Filter Include="Form Files">
      <UniqueIdentifier>{99349809-55BA-4b9d-BF79-8FDBB0286EB3}</UniqueIdentifier>
      <Extensions>ui</Extensions>
      <ParseFiles>false</ParseFiles>
    </Filter>
    <Filter Include="Form Files">
      <UniqueIdentifier>{99349809-55BA-4b9d-BF79-8FDBB0286EB3}</UniqueIdentifier>
      <Extensions>ui</Extensions>
      <ParseFiles>false</ParseFiles>
    </Filter>
    <Filter Include="Generated Files">
      <UniqueIdentifier>{71ED8ED8-ACB9-4CE9-BBE1-E00B30144E11}</UniqueIdentifier>
      <Extensions>cpp;c;cxx;moc;h;def;odl;idl;res;</Extensions>
    </Filter>
    <Filter Include="Generated Files">
      <UniqueIdentifier>{71ED8ED8-ACB9-4CE9-BBE1-E00B30144E11}</UniqueIdentifier>
      <Extensions>cpp;c;cxx;moc;h;def;odl;idl;res;</Extensions>
    </Filter>
    <Filter Include="Header Files">
      <UniqueIdentifier>{93995380-89BD-4b04-88EB-625FBE52EBFB}</UniqueIdentifier>
      <Extensions>h;hpp;hxx;hm;inl;inc;xsd</Extensions>
    </Filter>
    <Filter Include="Header Files">
      <UniqueIdentifier>{93995380-89BD-4b04-88EB-625FBE52EBFB}</UniqueIdentifier>
      <Extensions>h;hpp;hxx;hm;inl;inc;xsd</Extensions>
    </Filter>
    <Filter Include="Resource Files">
      <UniqueIdentifier>{D9D6E242-F8AF-46E4-B9FD-80ECBC20BA3E}</UniqueIdentifier>
      <Extensions>qrc;*</Extensions>
      <ParseFiles>false</ParseFiles>
    </Filter>
    <Filter Include="Resource Files">
      <UniqueIdentifier>{D9D6E242-F8AF-46E4-B9FD-80ECBC20BA3E}</UniqueIdentifier>
      <Extensions>qrc;*</Extensions>
      <ParseFiles>false</ParseFiles>
    </Filter>
    <Filter Include="Source Files">
      <UniqueIdentifier>{4FC737F1-C7A5-4376-A066-2A32D752A2FF}</UniqueIdentifier>
      <Extensions>cpp;c;cxx;def;odl;idl;hpj;bat;asm;asmx</Extensions>
    </Filter>
    <Filter Include="Source Files">
      <UniqueIdentifier>{4FC737F1-C7A5-4376-A066-2A32D752A2FF}</UniqueIdentifier>
      <Extensions>cpp;c;cxx;def;odl;idl;hpj;bat;asm;asmx</Extensions>
    </Filter>
  </ItemGroup>
  <ItemGroup>
    <ClCompile Include="Components\QScintilla\scintilla\lexlib\Accessor.cpp">
      <Filter>Source Files</Filter>
    </ClCompile>
    <ClCompile Include="Components\QScintilla\scintilla\src\AutoComplete.cpp">
      <Filter>Source Files</Filter>
    </ClCompile>
    <ClCompile Include="Components\MemoryVisualizer\Rendering\CArrowsRenderer.cpp">
      <Filter>Source Files</Filter>
    </ClCompile>
    <ClCompile Include="ParsingEngine\SubParsers\CAssignmentParser.cpp">
      <Filter>Source Files</Filter>
    </ClCompile>
    <ClCompile Include="ParsingEngine\SubParsers\CAssignmentProcedureParser.cpp">
      <Filter>Source Files</Filter>
    </ClCompile>
    <ClCompile Include="Models\CAssignmentProcedureStatement.cpp">
      <Filter>Source Files</Filter>
    </ClCompile>
    <ClCompile Include="Models\CAssignmentStatement.cpp">
      <Filter>Source Files</Filter>
    </ClCompile>
    <ClCompile Include="Compiler\CCompiler.cpp">
      <Filter>Source Files</Filter>
    </ClCompile>
    <ClCompile Include="DrcEngine\Rules\CDirectivesDeclaredOnlyOnceRule.cpp">
      <Filter>Source Files</Filter>
    </ClCompile>
    <ClCompile Include="DrcEngine\CDrcManager.cpp">
      <Filter>Source Files</Filter>
    </ClCompile>
    <ClCompile Include="DrcEngine\Rules\CEntryIsDefinedRule.cpp">
      <Filter>Source Files</Filter>
    </ClCompile>
    <ClCompile Include="Models\CExpression.cpp">
      <Filter>Source Files</Filter>
    </ClCompile>
    <ClCompile Include="Compiler\ExpressionEvaluation\CExpressionEvaluator.cpp">
      <Filter>Source Files</Filter>
    </ClCompile>
    <ClCompile Include="ParsingEngine\SubParsers\CExpressionParser.cpp">
      <Filter>Source Files</Filter>
    </ClCompile>
    <ClCompile Include="Models\CFunctionCall.cpp">
      <Filter>Source Files</Filter>
    </ClCompile>
    <ClCompile Include="ParsingEngine\SubParsers\CFunctionParser.cpp">
      <Filter>Source Files</Filter>
    </ClCompile>
    <ClCompile Include="Components\MemoryVisualizer\CGraphicsProcessor.cpp">
      <Filter>Source Files</Filter>
    </ClCompile>
    <ClCompile Include="DrcEngine\Rules\CIncludeRecursionGuard.cpp">
      <Filter>Source Files</Filter>
    </ClCompile>
    <ClCompile Include="DrcEngine\Rules\CIncludedFilesArePresentRule.cpp">
      <Filter>Source Files</Filter>
    </ClCompile>
    <ClCompile Include="Models\CInputSectionFunction.cpp">
      <Filter>Source Files</Filter>
    </ClCompile>
    <ClCompile Include="ParsingEngine\SubParsers\CInputSectionFunctionExcludeFileParser.cpp">
      <Filter>Source Files</Filter>
    </ClCompile>
    <ClCompile Include="ParsingEngine\SubParsers\CInputSectionFunctionKeepParser.cpp">
      <Filter>Source Files</Filter>
    </ClCompile>
    <ClCompile Include="ParsingEngine\SubParsers\CInputSectionFunctionSortParser.cpp">
      <Filter>Source Files</Filter>
    </ClCompile>
    <ClCompile Include="Models\CInputSectionStatement.cpp">
      <Filter>Source Files</Filter>
    </ClCompile>
    <ClCompile Include="ParsingEngine\SubParsers\CInputSectionStatementParser.cpp">
      <Filter>Source Files</Filter>
    </ClCompile>
    <ClCompile Include="ParsingEngine\CLinkerScriptLexer.cpp">
      <Filter>Source Files</Filter>
    </ClCompile>
    <ClCompile Include="Models\CParsedContentBase.cpp">
      <Filter>Source Files</Filter>
    </ClCompile>
    <ClCompile Include="Models\CLinkerScriptFile.cpp">
      <Filter>Source Files</Filter>
    </ClCompile>
    <ClCompile Include="DrcEngine\Rules\CLocationCounterCannotGoBackwardsRule.cpp">
      <Filter>Source Files</Filter>
    </ClCompile>
    <ClCompile Include="ParsingEngine\CLinkerScriptParser.cpp">
      <Filter>Source Files</Filter>
    </ClCompile>
    <ClCompile Include="Components\MemoryVisualizer\Rendering\CMemoryObjectRenderer.cpp">
      <Filter>Source Files</Filter>
    </ClCompile>
    <ClCompile Include="Models\CMemoryRegion.cpp">
      <Filter>Source Files</Filter>
    </ClCompile>
    <ClCompile Include="ParsingEngine\SubParsers\CMemoryRegionContentParser.cpp">
      <Filter>Source Files</Filter>
    </ClCompile>
    <ClCompile Include="DrcEngine\Rules\CMemoryRegionDefinedOnlyOnceRule.cpp">
      <Filter>Source Files</Filter>
    </ClCompile>
    <ClCompile Include="Models\CMemoryStatement.cpp">
      <Filter>Source Files</Filter>
    </ClCompile>
    <ClCompile Include="ParsingEngine\SubParsers\CMemoryStatementAttributeParser.cpp">
      <Filter>Source Files</Filter>
    </ClCompile>
    <ClCompile Include="Components\MemoryVisualizer\CMouseInteractivity.cpp">
      <Filter>Source Files</Filter>
    </ClCompile>
    <ClCompile Include="DrcEngine\Rules\CNoDuplicateMemoryRegionNameRule.cpp">
      <Filter>Source Files</Filter>
    </ClCompile>
    <ClCompile Include="Components\MemoryVisualizer\Rendering\COverlapObjectRenderer.cpp">
      <Filter>Source Files</Filter>
    </ClCompile>
    <ClCompile Include="Models\CPhdrsRegion.cpp">
      <Filter>Source Files</Filter>
    </ClCompile>
    <ClCompile Include="ParsingEngine\SubParsers\CPhdrsRegionContentParser.cpp">
      <Filter>Source Files</Filter>
    </ClCompile>
    <ClCompile Include="Models\CPhdrsStatement.cpp">
      <Filter>Source Files</Filter>
    </ClCompile>
    <ClCompile Include="Components\MemoryVisualizer\Placement\CPlacementEngine.cpp">
      <Filter>Source Files</Filter>
    </ClCompile>
    <ClCompile Include="Models\CProcedureCall.cpp">
      <Filter>Source Files</Filter>
    </ClCompile>
    <ClCompile Include="Components\MemoryVisualizer\Rendering\CSectionObjectRenderer.cpp">
      <Filter>Source Files</Filter>
    </ClCompile>
    <ClCompile Include="Models\CSectionOutputCommand.cpp">
      <Filter>Source Files</Filter>
    </ClCompile>
    <ClCompile Include="ParsingEngine\SubParsers\CSectionOutputCommandParser.cpp">
      <Filter>Source Files</Filter>
    </ClCompile>
    <ClCompile Include="Models\CSectionOutputOverlay.cpp">
      <Filter>Source Files</Filter>
    </ClCompile>
    <ClCompile Include="Models\CSectionOverlayCommand.cpp">
      <Filter>Source Files</Filter>
    </ClCompile>
    <ClCompile Include="ParsingEngine\SubParsers\CSectionOverlayParser.cpp">
      <Filter>Source Files</Filter>
    </ClCompile>
    <ClCompile Include="DrcEngine\Rules\CSectionsDefinedOnlyOnceRule.cpp">
      <Filter>Source Files</Filter>
    </ClCompile>
    <ClCompile Include="Models\CSectionsRegion.cpp">
      <Filter>Source Files</Filter>
    </ClCompile>
    <ClCompile Include="ParsingEngine\SubParsers\CSectionsRegionParser.cpp">
      <Filter>Source Files</Filter>
    </ClCompile>
    <ClCompile Include="Components\MemoryVisualizer\Rendering\CStatementRenderer.cpp">
      <Filter>Source Files</Filter>
    </ClCompile>
    <ClCompile Include="ParsingEngine\SubParsers\CSubParserBase.cpp">
      <Filter>Source Files</Filter>
    </ClCompile>
    <ClCompile Include="DrcEngine\Rules\CSymbolsDefinedInAdvanceRule.cpp">
      <Filter>Source Files</Filter>
    </ClCompile>
    <ClCompile Include="Components\MemoryVisualizer\Rendering\CTooltipRenderer.cpp">
      <Filter>Source Files</Filter>
    </ClCompile>
    <ClCompile Include="ParsingEngine\SubParsers\CVersionRegionContentParser.cpp">
      <Filter>Source Files</Filter>
    </ClCompile>
    <ClCompile Include="Models\CVersionScope.cpp">
      <Filter>Source Files</Filter>
    </ClCompile>
    <ClCompile Include="Components\QScintilla\scintilla\src\CallTip.cpp">
      <Filter>Source Files</Filter>
    </ClCompile>
    <ClCompile Include="Components\QScintilla\scintilla\src\CaseConvert.cpp">
      <Filter>Source Files</Filter>
    </ClCompile>
    <ClCompile Include="Components\QScintilla\scintilla\src\CaseFolder.cpp">
      <Filter>Source Files</Filter>
    </ClCompile>
    <ClCompile Include="Components\QScintilla\scintilla\src\Catalogue.cpp">
      <Filter>Source Files</Filter>
    </ClCompile>
    <ClCompile Include="Components\QScintilla\scintilla\src\CellBuffer.cpp">
      <Filter>Source Files</Filter>
    </ClCompile>
    <ClCompile Include="Components\QScintilla\scintilla\src\CharClassify.cpp">
      <Filter>Source Files</Filter>
    </ClCompile>
    <ClCompile Include="Components\QScintilla\scintilla\lexlib\CharacterCategory.cpp">
      <Filter>Source Files</Filter>
    </ClCompile>
    <ClCompile Include="Components\QScintilla\scintilla\lexlib\CharacterSet.cpp">
      <Filter>Source Files</Filter>
    </ClCompile>
    <ClCompile Include="Components\QScintilla\ComponentHelpers.cpp">
      <Filter>Source Files</Filter>
    </ClCompile>
    <ClCompile Include="ParsingEngine\SubParsers\Constants.cpp">
      <Filter>Source Files</Filter>
    </ClCompile>
    <ClCompile Include="Components\QScintilla\scintilla\src\ContractionState.cpp">
      <Filter>Source Files</Filter>
    </ClCompile>
    <ClCompile Include="Components\QScintilla\scintilla\src\DBCS.cpp">
      <Filter>Source Files</Filter>
    </ClCompile>
    <ClCompile Include="Components\QScintilla\scintilla\src\Decoration.cpp">
      <Filter>Source Files</Filter>
    </ClCompile>
    <ClCompile Include="Components\QScintilla\scintilla\lexlib\DefaultLexer.cpp">
      <Filter>Source Files</Filter>
    </ClCompile>
    <ClCompile Include="Components\QScintilla\scintilla\src\Document.cpp">
      <Filter>Source Files</Filter>
    </ClCompile>
    <ClCompile Include="ParsingEngine\EParserViolationCode.cpp">
      <Filter>Source Files</Filter>
    </ClCompile>
    <ClCompile Include="Components\QScintilla\scintilla\src\EditModel.cpp">
      <Filter>Source Files</Filter>
    </ClCompile>
    <ClCompile Include="Components\QScintilla\scintilla\src\EditView.cpp">
      <Filter>Source Files</Filter>
    </ClCompile>
    <ClCompile Include="Components\QScintilla\scintilla\src\Editor.cpp">
      <Filter>Source Files</Filter>
    </ClCompile>
    <ClCompile Include="Components\QScintilla\scintilla\src\ExternalLexer.cpp">
      <Filter>Source Files</Filter>
    </ClCompile>
    <ClCompile Include="Helpers.cpp">
      <Filter>Source Files</Filter>
    </ClCompile>
    <ClCompile Include="Components\QScintilla\scintilla\src\Indicator.cpp">
      <Filter>Source Files</Filter>
    </ClCompile>
    <ClCompile Include="Components\QScintilla\src\InputMethod.cpp">
      <Filter>Source Files</Filter>
    </ClCompile>
    <ClCompile Include="Components\QScintilla\scintilla\src\KeyMap.cpp">
      <Filter>Source Files</Filter>
    </ClCompile>
    <ClCompile Include="Components\QScintilla\scintilla\lexers\LexCPP.cpp">
      <Filter>Source Files</Filter>
    </ClCompile>
    <ClCompile Include="Components\QScintilla\scintilla\lexers\LexLinkerScript.cpp">
      <Filter>Source Files</Filter>
    </ClCompile>
    <ClCompile Include="Components\QScintilla\scintilla\lexlib\LexerBase.cpp">
      <Filter>Source Files</Filter>
    </ClCompile>
    <ClCompile Include="Components\QScintilla\scintilla\lexlib\LexerModule.cpp">
      <Filter>Source Files</Filter>
    </ClCompile>
    <ClCompile Include="Components\QScintilla\scintilla\lexlib\LexerNoExceptions.cpp">
      <Filter>Source Files</Filter>
    </ClCompile>
    <ClCompile Include="Components\QScintilla\scintilla\lexlib\LexerSimple.cpp">
      <Filter>Source Files</Filter>
    </ClCompile>
    <ClCompile Include="Components\QScintilla\scintilla\src\LineMarker.cpp">
      <Filter>Source Files</Filter>
    </ClCompile>
    <ClCompile Include="Components\QScintilla\src\ListBoxQt.cpp">
      <Filter>Source Files</Filter>
    </ClCompile>
    <ClCompile Include="Components\QScintilla\src\MacPasteboardMime.cpp">
      <Filter>Source Files</Filter>
    </ClCompile>
    <ClCompile Include="MainWindow.cpp">
      <Filter>Source Files</Filter>
    </ClCompile>
    <ClCompile Include="Components\QScintilla\scintilla\src\MarginView.cpp">
      <Filter>Source Files</Filter>
    </ClCompile>
    <ClCompile Include="Components\MemoryVisualizer\ModelTranslator.cpp">
      <Filter>Source Files</Filter>
    </ClCompile>
    <ClCompile Include="Components\QScintilla\scintilla\src\PerLine.cpp">
      <Filter>Source Files</Filter>
    </ClCompile>
    <ClCompile Include="Components\QScintilla\src\PlatQt.cpp">
      <Filter>Source Files</Filter>
    </ClCompile>
    <ClCompile Include="Components\QScintilla\scintilla\src\PositionCache.cpp">
      <Filter>Source Files</Filter>
    </ClCompile>
    <ClCompile Include="Components\QScintilla\scintilla\lexlib\PropSetSimple.cpp">
      <Filter>Source Files</Filter>
    </ClCompile>
    <ClCompile Include="Components\QChromeTab\QChromeTabButton.cpp">
      <Filter>Source Files</Filter>
    </ClCompile>
    <ClCompile Include="Components\QChromeTab\QChromeTabWidget.cpp">
      <Filter>Source Files</Filter>
    </ClCompile>
    <ClCompile Include="LinkerScriptManager\QLinkerScriptManager.cpp">
      <Filter>Source Files</Filter>
    </ClCompile>
    <ClCompile Include="Widgets\QLinkerScriptPanel.cpp">
      <Filter>Source Files</Filter>
    </ClCompile>
    <ClCompile Include="Components\QLinkerScriptSession\QLinkerScriptSession.cpp">
      <Filter>Source Files</Filter>
    </ClCompile>
    <ClCompile Include="Components\MemoryVisualizer\QMemoryVisualizer.cpp">
      <Filter>Source Files</Filter>
    </ClCompile>
    <ClCompile Include="Components\QSearchPopup\QSearchPopup.cpp">
      <Filter>Source Files</Filter>
    </ClCompile>
    <ClCompile Include="Components\QScintilla\scintilla\src\RESearch.cpp">
      <Filter>Source Files</Filter>
    </ClCompile>
    <ClCompile Include="Components\QScintilla\scintilla\src\RunStyles.cpp">
      <Filter>Source Files</Filter>
    </ClCompile>
    <ClCompile Include="Components\QScintilla\src\SciAccessibility.cpp">
      <Filter>Source Files</Filter>
    </ClCompile>
    <ClCompile Include="Components\QScintilla\src\SciClasses.cpp">
      <Filter>Source Files</Filter>
    </ClCompile>
    <ClCompile Include="Components\QScintilla\scintilla\src\ScintillaBase.cpp">
      <Filter>Source Files</Filter>
    </ClCompile>
    <ClCompile Include="Components\QScintilla\src\ScintillaQt.cpp">
      <Filter>Source Files</Filter>
    </ClCompile>
    <ClCompile Include="Components\QScintilla\scintilla\src\Selection.cpp">
      <Filter>Source Files</Filter>
    </ClCompile>
    <ClCompile Include="Components\QScintilla\scintilla\src\Style.cpp">
      <Filter>Source Files</Filter>
    </ClCompile>
    <ClCompile Include="Components\QScintilla\scintilla\lexlib\StyleContext.cpp">
      <Filter>Source Files</Filter>
    </ClCompile>
    <ClCompile Include="ParsingEngine\SubParsers\SubParserHelpers.cpp">
      <Filter>Source Files</Filter>
    </ClCompile>
    <ClCompile Include="Components\QScintilla\scintilla\src\UniConversion.cpp">
      <Filter>Source Files</Filter>
    </ClCompile>
    <ClCompile Include="Components\QScintilla\scintilla\src\ViewStyle.cpp">
      <Filter>Source Files</Filter>
    </ClCompile>
    <ClCompile Include="Components\QScintilla\scintilla\lexlib\WordList.cpp">
      <Filter>Source Files</Filter>
    </ClCompile>
    <ClCompile Include="Components\QScintilla\scintilla\src\XPM.cpp">
      <Filter>Source Files</Filter>
    </ClCompile>
    <ClCompile Include="main.cpp">
      <Filter>Source Files</Filter>
    </ClCompile>
    <ClCompile Include="Components\QScintilla\src\qsciabstractapis.cpp">
      <Filter>Source Files</Filter>
    </ClCompile>
    <ClCompile Include="Components\QScintilla\src\qsciapis.cpp">
      <Filter>Source Files</Filter>
    </ClCompile>
    <ClCompile Include="Components\QScintilla\src\qscicommand.cpp">
      <Filter>Source Files</Filter>
    </ClCompile>
    <ClCompile Include="Components\QScintilla\src\qscicommandset.cpp">
      <Filter>Source Files</Filter>
    </ClCompile>
    <ClCompile Include="Components\QScintilla\src\qscidocument.cpp">
      <Filter>Source Files</Filter>
    </ClCompile>
    <ClCompile Include="Components\QScintilla\src\qscilexer.cpp">
      <Filter>Source Files</Filter>
    </ClCompile>
    <ClCompile Include="Components\QScintilla\src\qscilexercpp.cpp">
      <Filter>Source Files</Filter>
    </ClCompile>
    <ClCompile Include="Components\QScintilla\src\qscilexerlinkerscript.cpp">
      <Filter>Source Files</Filter>
    </ClCompile>
    <ClCompile Include="Components\QScintilla\src\qscimacro.cpp">
      <Filter>Source Files</Filter>
    </ClCompile>
    <ClCompile Include="Components\QScintilla\src\qsciprinter.cpp">
      <Filter>Source Files</Filter>
    </ClCompile>
    <ClCompile Include="Components\QScintilla\src\qsciscintilla.cpp">
      <Filter>Source Files</Filter>
    </ClCompile>
    <ClCompile Include="Components\QScintilla\src\qsciscintillabase.cpp">
      <Filter>Source Files</Filter>
    </ClCompile>
    <ClCompile Include="Components\QScintilla\src\qscistyle.cpp">
      <Filter>Source Files</Filter>
    </ClCompile>
    <ClCompile Include="Components\QScintilla\src\qscistyledtext.cpp">
      <Filter>Source Files</Filter>
    </ClCompile>
    <ClCompile Include="Components\QFlatCheckBox\QFlatCheckBox.cpp">
      <Filter>Generated Files</Filter>
    </ClCompile>
    <ClCompile Include="Components\InputDialogs\QListAssistedInput.cpp">
      <Filter>Generated Files</Filter>
    </ClCompile>
    <ClCompile Include="Components\InputDialogs\QLabelAssistedInput.cpp">
      <Filter>Generated Files</Filter>
    </ClCompile>
    <ClCompile Include="MD5\MD5.cpp">
      <Filter>Generated Files</Filter>
    </ClCompile>
    <ClCompile Include="Components\QScintilla\VlsScintilla.cpp">
      <Filter>Generated Files</Filter>
    </ClCompile>
    <ClCompile Include="Components\QManualSizeGrip\QManualSizeGrip.cpp">
      <Filter>Generated Files</Filter>
    </ClCompile>
    <ClCompile Include="Components\QLinkerScriptSession\AutoStyling\CAutoStyler.cpp">
      <Filter>Generated Files</Filter>
    </ClCompile>
    <ClCompile Include="Components\QLinkerScriptSession\AutoStyling\SStylerReplaceLine.h">
      <Filter>Generated Files</Filter>
    </ClCompile>
    <ClCompile Include="Components\QLinkerScriptSession\AutoStyling\SStylerRemoveLine.h">
      <Filter>Generated Files</Filter>
    </ClCompile>
    <ClCompile Include="Components\QLinkerScriptSession\AutoStyling\SStylerSelectText.h">
      <Filter>Generated Files</Filter>
    </ClCompile>
    <ClCompile Include="ParsingEngine\ELexerViolationCode.cpp">
      <Filter>Generated Files</Filter>
    </ClCompile>
    <ClCompile Include="DrcEngine\EDrcViolationCode.cpp">
      <Filter>Generated Files</Filter>
    </ClCompile>
  </ItemGroup>
  <ItemGroup>
    <ClInclude Include="Components\QScintilla\scintilla\lexlib\Accessor.h">
      <Filter>Header Files</Filter>
    </ClInclude>
    <ClInclude Include="Compiler\ExpressionEvaluation\ArithmeticOperationType.h">
      <Filter>Header Files</Filter>
    </ClInclude>
    <ClInclude Include="Components\QScintilla\scintilla\src\AutoComplete.h">
      <Filter>Header Files</Filter>
    </ClInclude>
    <ClInclude Include="Models\Intervention\CActionBase.h">
      <Filter>Header Files</Filter>
    </ClInclude>
    <ClInclude Include="Models\Intervention\CAddTextAction.h">
      <Filter>Header Files</Filter>
    </ClInclude>
    <ClInclude Include="Compiler\ExpressionEvaluation\CArithmeticResultOp.h">
      <Filter>Header Files</Filter>
    </ClInclude>
    <ClInclude Include="Components\MemoryVisualizer\Models\CArrowObject.h">
      <Filter>Header Files</Filter>
    </ClInclude>
    <ClInclude Include="Components\MemoryVisualizer\Rendering\CArrowsRenderer.h">
      <Filter>Header Files</Filter>
    </ClInclude>
    <ClInclude Include="ParsingEngine\SubParsers\CAssignmentParser.h">
      <Filter>Header Files</Filter>
    </ClInclude>
    <ClInclude Include="ParsingEngine\SubParsers\CAssignmentProcedureParser.h">
      <Filter>Header Files</Filter>
    </ClInclude>
    <ClInclude Include="Models\CAssignmentProcedureStatement.h">
      <Filter>Header Files</Filter>
    </ClInclude>
    <ClInclude Include="Models\CAssignmentStatement.h">
      <Filter>Header Files</Filter>
    </ClInclude>
    <ClInclude Include="Components\MemoryVisualizer\Models\CButton.h">
      <Filter>Header Files</Filter>
    </ClInclude>
    <ClInclude Include="Messaging\UserInitiated\CCloseFileRequest.h">
      <Filter>Header Files</Filter>
    </ClInclude>
    <ClInclude Include="Components\MemoryVisualizer\Models\CComboBox.h">
      <Filter>Header Files</Filter>
    </ClInclude>
    <ClInclude Include="ParsingEngine\SubParsers\CCommandParser.h">
      <Filter>Header Files</Filter>
    </ClInclude>
    <ClInclude Include="Compiler\CCompiler.h">
      <Filter>Header Files</Filter>
    </ClInclude>
    <ClInclude Include="Compiler\ExpressionEvaluation\CCompoundResult.h">
      <Filter>Header Files</Filter>
    </ClInclude>
    <ClInclude Include="Components\MemoryVisualizer\Models\CContentBase.h">
      <Filter>Header Files</Filter>
    </ClInclude>
    <ClInclude Include="DrcEngine\Rules\CDirectivesDeclaredOnlyOnceRule.h">
      <Filter>Header Files</Filter>
    </ClInclude>
    <ClInclude Include="Components\MemoryVisualizer\Models\CDragState.h">
      <Filter>Header Files</Filter>
    </ClInclude>
    <ClInclude Include="DrcEngine\CDrcManager.h">
      <Filter>Header Files</Filter>
    </ClInclude>
    <ClInclude Include="DrcEngine\CDrcViolation.h">
      <Filter>Header Files</Filter>
    </ClInclude>
    <ClInclude Include="DrcEngine\Rules\CEntryIsDefinedRule.h">
      <Filter>Header Files</Filter>
    </ClInclude>
    <ClInclude Include="Components\MemoryVisualizer\Models\CEntryPoint.h">
      <Filter>Header Files</Filter>
    </ClInclude>
    <ClInclude Include="Compiler\ExpressionEvaluation\CEvaluatableBase.h">
      <Filter>Header Files</Filter>
    </ClInclude>
    <ClInclude Include="Messaging\CEventAggregator.h">
      <Filter>Header Files</Filter>
    </ClInclude>
    <ClInclude Include="Models\CExpression.h">
      <Filter>Header Files</Filter>
    </ClInclude>
    <ClInclude Include="Compiler\ExpressionEvaluation\CExpressionEvaluator.h">
      <Filter>Header Files</Filter>
    </ClInclude>
    <ClInclude Include="Models\CExpressionNumber.h">
      <Filter>Header Files</Filter>
    </ClInclude>
    <ClInclude Include="Models\CExpressionOperator.h">
      <Filter>Header Files</Filter>
    </ClInclude>
    <ClInclude Include="ParsingEngine\SubParsers\CExpressionParser.h">
      <Filter>Header Files</Filter>
    </ClInclude>
    <ClInclude Include="Messaging\LinkerScriptManager\CFileWasClosedEvent.h">
      <Filter>Header Files</Filter>
    </ClInclude>
    <ClInclude Include="Messaging\LinkerScriptManager\CFileWasOpenedEvent.h">
      <Filter>Header Files</Filter>
    </ClInclude>
    <ClInclude Include="Messaging\UserInitiated\CFindReplaceRequest.h">
      <Filter>Header Files</Filter>
    </ClInclude>
    <ClInclude Include="Messaging\UserInitiated\CFindRequest.h">
      <Filter>Header Files</Filter>
    </ClInclude>
    <ClInclude Include="Components\MemoryVisualizer\Models\CFloorplan.h">
      <Filter>Header Files</Filter>
    </ClInclude>
    <ClInclude Include="Models\CFunctionCall.h">
      <Filter>Header Files</Filter>
    </ClInclude>
    <ClInclude Include="Compiler\FunctionEvaluation\CFunctionEvaluatorBase.h">
      <Filter>Header Files</Filter>
    </ClInclude>
    <ClInclude Include="ParsingEngine\SubParsers\CFunctionParser.h">
      <Filter>Header Files</Filter>
    </ClInclude>
    <ClInclude Include="Components\MemoryVisualizer\CGraphicsProcessor.h">
      <Filter>Header Files</Filter>
    </ClInclude>
    <ClInclude Include="Models\CIncludeCommand.h">
      <Filter>Header Files</Filter>
    </ClInclude>
    <ClInclude Include="DrcEngine\Rules\CIncludeRecursionGuard.h">
      <Filter>Header Files</Filter>
    </ClInclude>
    <ClInclude Include="DrcEngine\Rules\CIncludedFilesArePresentRule.h">
      <Filter>Header Files</Filter>
    </ClInclude>
    <ClInclude Include="Models\CInputSectionFunction.h">
      <Filter>Header Files</Filter>
    </ClInclude>
    <ClInclude Include="ParsingEngine\SubParsers\CInputSectionFunctionExcludeFileParser.h">
      <Filter>Header Files</Filter>
    </ClInclude>
    <ClInclude Include="ParsingEngine\SubParsers\CInputSectionFunctionKeepParser.h">
      <Filter>Header Files</Filter>
    </ClInclude>
    <ClInclude Include="ParsingEngine\SubParsers\CInputSectionFunctionSortParser.h">
      <Filter>Header Files</Filter>
    </ClInclude>
    <ClInclude Include="Models\CInputSectionStatement.h">
      <Filter>Header Files</Filter>
    </ClInclude>
    <ClInclude Include="ParsingEngine\SubParsers\CInputSectionStatementParser.h">
      <Filter>Header Files</Filter>
    </ClInclude>
    <ClInclude Include="Models\CInputSectionTargetSection.h">
      <Filter>Header Files</Filter>
    </ClInclude>
    <ClInclude Include="Models\CInputSectionWildcardWord.h">
      <Filter>Header Files</Filter>
    </ClInclude>
    <ClInclude Include="Models\Intervention\CIntervention.h">
      <Filter>Header Files</Filter>
    </ClInclude>
    <ClInclude Include="ParsingEngine\CLinkerScriptLexer.h">
      <Filter>Header Files</Filter>
    </ClInclude>
    <ClInclude Include="ParsingEngine\CLexerException.h">
      <Filter>Header Files</Filter>
    </ClInclude>
    <ClInclude Include="Models\CParsedContentBase.h">
      <Filter>Header Files</Filter>
    </ClInclude>
    <ClInclude Include="Models\CLinkerScriptFile.h">
      <Filter>Header Files</Filter>
    </ClInclude>
    <ClInclude Include="QueryEngine\CLinq.h">
      <Filter>Header Files</Filter>
    </ClInclude>
    <ClInclude Include="Components\MemoryVisualizer\Models\CLmaToVmaArrow.h">
      <Filter>Header Files</Filter>
    </ClInclude>
    <ClInclude Include="Components\MemoryVisualizer\Models\CLmaToVmaArrowCoordinates.h">
      <Filter>Header Files</Filter>
    </ClInclude>
    <ClInclude Include="Messaging\UserInitiated\CLoadMappingFileRequest.h">
      <Filter>Header Files</Filter>
    </ClInclude>
    <ClInclude Include="DrcEngine\Rules\CLocationCounterCannotGoBackwardsRule.h">
      <Filter>Header Files</Filter>
    </ClInclude>
    <ClInclude Include="ParsingEngine\CLinkerScriptParser.h">
      <Filter>Header Files</Filter>
    </ClInclude>
    <ClInclude Include="ParsingEngine\CMasterParserException.h">
      <Filter>Header Files</Filter>
    </ClInclude>
    <ClInclude Include="Components\MemoryVisualizer\Models\CMemoryLocationIndicator.h">
      <Filter>Header Files</Filter>
    </ClInclude>
    <ClInclude Include="Components\MemoryVisualizer\Models\CMemoryObject.h">
      <Filter>Header Files</Filter>
    </ClInclude>
    <ClInclude Include="Components\MemoryVisualizer\Rendering\CMemoryObjectRenderer.h">
      <Filter>Header Files</Filter>
    </ClInclude>
    <ClInclude Include="Models\CMemoryRegion.h">
      <Filter>Header Files</Filter>
    </ClInclude>
    <ClInclude Include="ParsingEngine\SubParsers\CMemoryRegionContentParser.h">
      <Filter>Header Files</Filter>
    </ClInclude>
    <ClInclude Include="DrcEngine\Rules\CMemoryRegionDefinedOnlyOnceRule.h">
      <Filter>Header Files</Filter>
    </ClInclude>
    <ClInclude Include="ParsingEngine\SubParsers\CMemoryRegionParser.h">
      <Filter>Header Files</Filter>
    </ClInclude>
    <ClInclude Include="Components\MemoryVisualizer\Models\CMemoryStatement.h">
      <Filter>Header Files</Filter>
    </ClInclude>
    <ClInclude Include="Models\CMemoryStatement.h">
      <Filter>Header Files</Filter>
    </ClInclude>
    <ClInclude Include="Models\CMemoryStatementAttribute.h">
      <Filter>Header Files</Filter>
    </ClInclude>
    <ClInclude Include="ParsingEngine\SubParsers\CMemoryStatementAttributeParser.h">
      <Filter>Header Files</Filter>
    </ClInclude>
    <ClInclude Include="Components\MemoryVisualizer\CMouseInteractivity.h">
      <Filter>Header Files</Filter>
    </ClInclude>
    <ClInclude Include="DrcEngine\Rules\CNoDuplicateMemoryRegionNameRule.h">
      <Filter>Header Files</Filter>
    </ClInclude>
    <ClInclude Include="Messaging\General\CNotifyUserEvent.h">
      <Filter>Header Files</Filter>
    </ClInclude>
    <ClInclude Include="Compiler\ExpressionEvaluation\CNumericResult.h">
      <Filter>Header Files</Filter>
    </ClInclude>
    <ClInclude Include="Messaging\UserInitiated\COpenFileRequest.h">
      <Filter>Header Files</Filter>
    </ClInclude>
    <ClInclude Include="Components\MemoryVisualizer\Rendering\COverlapObjectRenderer.h">
      <Filter>Header Files</Filter>
    </ClInclude>
    <ClInclude Include="Components\MemoryVisualizer\Models\COverlayObject.h">
      <Filter>Header Files</Filter>
    </ClInclude>
    <ClInclude Include="Components\MemoryVisualizer\Models\COverlaySectionObject.h">
      <Filter>Header Files</Filter>
    </ClInclude>
    <ClInclude Include="Models\CParameterSeparator.h">
      <Filter>Header Files</Filter>
    </ClInclude>
    <ClInclude Include="ParsingEngine\CParserViolation.h">
      <Filter>Header Files</Filter>
    </ClInclude>
    <ClInclude Include="Models\CPhdrsRegion.h">
      <Filter>Header Files</Filter>
    </ClInclude>
    <ClInclude Include="ParsingEngine\SubParsers\CPhdrsRegionContentParser.h">
      <Filter>Header Files</Filter>
    </ClInclude>
    <ClInclude Include="ParsingEngine\SubParsers\CPhdrsRegionParser.h">
      <Filter>Header Files</Filter>
    </ClInclude>
    <ClInclude Include="Models\CPhdrsStatement.h">
      <Filter>Header Files</Filter>
    </ClInclude>
    <ClInclude Include="Components\MemoryVisualizer\Placement\CPlacementEngine.h">
      <Filter>Header Files</Filter>
    </ClInclude>
    <ClInclude Include="Models\CProcedureCall.h">
      <Filter>Header Files</Filter>
    </ClInclude>
    <ClInclude Include="Compiler\ProcedureExecution\CProcedureExecutorBase.h">
      <Filter>Header Files</Filter>
    </ClInclude>
    <ClInclude Include="Messaging\CPubSubEvent.h">
      <Filter>Header Files</Filter>
    </ClInclude>
    <ClInclude Include="Models\Raw\CRawEntry.h">
      <Filter>Header Files</Filter>
    </ClInclude>
    <ClInclude Include="Models\Raw\CRawFile.h">
      <Filter>Header Files</Filter>
    </ClInclude>
    <ClInclude Include="Messaging\UserInitiated\CRedoRequest.h">
      <Filter>Header Files</Filter>
    </ClInclude>
    <ClInclude Include="Models\Intervention\CRemoveTextAction.h">
      <Filter>Header Files</Filter>
    </ClInclude>
    <ClInclude Include="Compiler\ExpressionEvaluation\CResultBase.h">
      <Filter>Header Files</Filter>
    </ClInclude>
    <ClInclude Include="Messaging\UserInitiated\CSaveFileRequest.h">
      <Filter>Header Files</Filter>
    </ClInclude>
    <ClInclude Include="ParsingEngine\SubParsers\CScopedRegionParser.h">
      <Filter>Header Files</Filter>
    </ClInclude>
    <ClInclude Include="ParsingEngine\SubParsers\CScopedRegionParser.tpp">
      <Filter>Header Files</Filter>
    </ClInclude>
    <ClInclude Include="Components\MemoryVisualizer\Models\CSectionObject.h">
      <Filter>Header Files</Filter>
    </ClInclude>
    <ClInclude Include="Components\MemoryVisualizer\Rendering\CSectionObjectRenderer.h">
      <Filter>Header Files</Filter>
    </ClInclude>
    <ClInclude Include="Models\CSectionOutputAtLmaRegion.h">
      <Filter>Header Files</Filter>
    </ClInclude>
    <ClInclude Include="Models\CSectionOutputCommand.h">
      <Filter>Header Files</Filter>
    </ClInclude>
    <ClInclude Include="ParsingEngine\SubParsers\CSectionOutputCommandParser.h">
      <Filter>Header Files</Filter>
    </ClInclude>
    <ClInclude Include="Models\CSectionOutputConstraint.h">
      <Filter>Header Files</Filter>
    </ClInclude>
    <ClInclude Include="Models\CSectionOutputDataExpression.h">
      <Filter>Header Files</Filter>
    </ClInclude>
    <ClInclude Include="Models\CSectionOutputFillExpression.h">
      <Filter>Header Files</Filter>
    </ClInclude>
    <ClInclude Include="Models\CSectionOutputOverlay.h">
      <Filter>Header Files</Filter>
    </ClInclude>
    <ClInclude Include="ParsingEngine\SubParsers\CSectionOutputOverlayParser.h">
      <Filter>Header Files</Filter>
    </ClInclude>
    <ClInclude Include="Models\CSectionOutputPhdr.h">
      <Filter>Header Files</Filter>
    </ClInclude>
    <ClInclude Include="Models\CSectionOutputToVmaRegion.h">
      <Filter>Header Files</Filter>
    </ClInclude>
    <ClInclude Include="Models\CSectionOutputType.h">
      <Filter>Header Files</Filter>
    </ClInclude>
    <ClInclude Include="Models\CSectionOverlayCommand.h">
      <Filter>Header Files</Filter>
    </ClInclude>
    <ClInclude Include="ParsingEngine\SubParsers\CSectionOverlayParser.h">
      <Filter>Header Files</Filter>
    </ClInclude>
    <ClInclude Include="DrcEngine\Rules\CSectionsDefinedOnlyOnceRule.h">
      <Filter>Header Files</Filter>
    </ClInclude>
    <ClInclude Include="Models\CSectionsRegion.h">
      <Filter>Header Files</Filter>
    </ClInclude>
    <ClInclude Include="ParsingEngine\SubParsers\CSectionsRegionParser.h">
      <Filter>Header Files</Filter>
    </ClInclude>
    <ClInclude Include="Messaging\UserInitiated\CShowAboutRequest.h">
      <Filter>Header Files</Filter>
    </ClInclude>
    <ClInclude Include="Components\MemoryVisualizer\Models\CSizableObject.h">
      <Filter>Header Files</Filter>
    </ClInclude>
    <ClInclude Include="Components\MemoryVisualizer\Models\CSizeIndicator.h">
      <Filter>Header Files</Filter>
    </ClInclude>
    <ClInclude Include="Components\MemoryVisualizer\Models\CStatementObject.h">
      <Filter>Header Files</Filter>
    </ClInclude>
    <ClInclude Include="Components\MemoryVisualizer\Rendering\CStatementRenderer.h">
      <Filter>Header Files</Filter>
    </ClInclude>
    <ClInclude Include="Models\CStringEntry.h">
      <Filter>Header Files</Filter>
    </ClInclude>
    <ClInclude Include="ParsingEngine\SubParsers\CSubParserBase.h">
      <Filter>Header Files</Filter>
    </ClInclude>
    <ClInclude Include="Models\CSymbol.h">
      <Filter>Header Files</Filter>
    </ClInclude>
    <ClInclude Include="Compiler\ExpressionEvaluation\CSymbolResult.h">
      <Filter>Header Files</Filter>
    </ClInclude>
    <ClInclude Include="DrcEngine\Rules\CSymbolsDefinedInAdvanceRule.h">
      <Filter>Header Files</Filter>
    </ClInclude>
    <ClInclude Include="Components\MemoryVisualizer\Models\CTooltip.h">
      <Filter>Header Files</Filter>
    </ClInclude>
    <ClInclude Include="Components\MemoryVisualizer\Rendering\CTooltipRenderer.h">
      <Filter>Header Files</Filter>
    </ClInclude>
    <ClInclude Include="Messaging\UserInitiated\CUndoRequest.h">
      <Filter>Header Files</Filter>
    </ClInclude>
    <ClInclude Include="Models\CUnrecognizableContent.h">
      <Filter>Header Files</Filter>
    </ClInclude>
    <ClInclude Include="Models\CVersionNode.h">
      <Filter>Header Files</Filter>
    </ClInclude>
    <ClInclude Include="ParsingEngine\SubParsers\CVersionRegionContentParser.h">
      <Filter>Header Files</Filter>
    </ClInclude>
    <ClInclude Include="ParsingEngine\SubParsers\CVersionRegionParser.h">
      <Filter>Header Files</Filter>
    </ClInclude>
    <ClInclude Include="Models\CVersionScope.h">
      <Filter>Header Files</Filter>
    </ClInclude>
    <ClInclude Include="Models\CVersionTag.h">
      <Filter>Header Files</Filter>
    </ClInclude>
    <ClInclude Include="Models\CVersionsRegion.h">
      <Filter>Header Files</Filter>
    </ClInclude>
    <ClInclude Include="Models\CViolationBase.h">
      <Filter>Header Files</Filter>
    </ClInclude>
    <ClInclude Include="Models\CWildcardEntry.h">
      <Filter>Header Files</Filter>
    </ClInclude>
    <ClInclude Include="Components\QScintilla\scintilla\src\CallTip.h">
      <Filter>Header Files</Filter>
    </ClInclude>
    <ClInclude Include="Components\QScintilla\scintilla\src\CaseConvert.h">
      <Filter>Header Files</Filter>
    </ClInclude>
    <ClInclude Include="Components\QScintilla\scintilla\src\CaseFolder.h">
      <Filter>Header Files</Filter>
    </ClInclude>
    <ClInclude Include="Components\QScintilla\scintilla\src\Catalogue.h">
      <Filter>Header Files</Filter>
    </ClInclude>
    <ClInclude Include="Components\QScintilla\scintilla\src\CellBuffer.h">
      <Filter>Header Files</Filter>
    </ClInclude>
    <ClInclude Include="Components\QScintilla\scintilla\src\CharClassify.h">
      <Filter>Header Files</Filter>
    </ClInclude>
    <ClInclude Include="Components\QScintilla\scintilla\lexlib\CharacterCategory.h">
      <Filter>Header Files</Filter>
    </ClInclude>
    <ClInclude Include="Components\QScintilla\scintilla\lexlib\CharacterSet.h">
      <Filter>Header Files</Filter>
    </ClInclude>
    <ClInclude Include="Components\QScintilla\ComponentHelpers.h">
      <Filter>Header Files</Filter>
    </ClInclude>
    <ClInclude Include="ParsingEngine\SubParsers\Constants.h">
      <Filter>Header Files</Filter>
    </ClInclude>
    <ClInclude Include="Components\QScintilla\scintilla\src\ContractionState.h">
      <Filter>Header Files</Filter>
    </ClInclude>
    <ClInclude Include="Components\QScintilla\scintilla\src\DBCS.h">
      <Filter>Header Files</Filter>
    </ClInclude>
    <ClInclude Include="Components\QScintilla\scintilla\src\Decoration.h">
      <Filter>Header Files</Filter>
    </ClInclude>
    <ClInclude Include="Components\QScintilla\scintilla\lexlib\DefaultLexer.h">
      <Filter>Header Files</Filter>
    </ClInclude>
    <ClInclude Include="Components\QScintilla\scintilla\src\Document.h">
      <Filter>Header Files</Filter>
    </ClInclude>
    <ClInclude Include="DrcEngine\DrcCommons.h">
      <Filter>Header Files</Filter>
    </ClInclude>
    <ClInclude Include="DrcEngine\EDrcViolationCode.h">
      <Filter>Header Files</Filter>
    </ClInclude>
    <ClInclude Include="Components\MemoryVisualizer\EInsertObjectType.h">
      <Filter>Header Files</Filter>
    </ClInclude>
    <ClInclude Include="Components\MemoryVisualizer\Models\EObjectState.h">
      <Filter>Header Files</Filter>
    </ClInclude>
    <ClInclude Include="ParsingEngine\EParserViolationCode.h">
      <Filter>Header Files</Filter>
    </ClInclude>
    <ClInclude Include="Components\QScintilla\scintilla\src\EditModel.h">
      <Filter>Header Files</Filter>
    </ClInclude>
    <ClInclude Include="Components\QScintilla\scintilla\src\EditView.h">
      <Filter>Header Files</Filter>
    </ClInclude>
    <ClInclude Include="Components\QScintilla\scintilla\src\Editor.h">
      <Filter>Header Files</Filter>
    </ClInclude>
    <ClInclude Include="Components\QScintilla\scintilla\src\ElapsedPeriod.h">
      <Filter>Header Files</Filter>
    </ClInclude>
    <ClInclude Include="Compiler\ExpressionEvaluation\EvaluationResultType.h">
      <Filter>Header Files</Filter>
    </ClInclude>
    <ClInclude Include="Components\QScintilla\scintilla\src\ExternalLexer.h">
      <Filter>Header Files</Filter>
    </ClInclude>
    <ClInclude Include="Components\QScintilla\scintilla\src\FontQuality.h">
      <Filter>Header Files</Filter>
    </ClInclude>
    <ClInclude Include="Helpers.h">
      <Filter>Header Files</Filter>
    </ClInclude>
    <ClInclude Include="DrcEngine\IDrcRuleBase.h">
      <Filter>Header Files</Filter>
    </ClInclude>
    <ClInclude Include="Components\QScintilla\scintilla\include\ILexer.h">
      <Filter>Header Files</Filter>
    </ClInclude>
    <ClInclude Include="Components\QScintilla\scintilla\include\ILoader.h">
      <Filter>Header Files</Filter>
    </ClInclude>
    <ClInclude Include="Components\QScintilla\scintilla\src\Indicator.h">
      <Filter>Header Files</Filter>
    </ClInclude>
    <ClInclude Include="Components\QScintilla\scintilla\src\IntegerRectangle.h">
      <Filter>Header Files</Filter>
    </ClInclude>
    <ClInclude Include="Components\QScintilla\scintilla\src\KeyMap.h">
      <Filter>Header Files</Filter>
    </ClInclude>
    <ClInclude Include="Components\QScintilla\scintilla\lexlib\LexAccessor.h">
      <Filter>Header Files</Filter>
    </ClInclude>
    <ClInclude Include="Components\QScintilla\scintilla\lexlib\LexerBase.h">
      <Filter>Header Files</Filter>
    </ClInclude>
    <ClInclude Include="Components\QScintilla\scintilla\lexlib\LexerModule.h">
      <Filter>Header Files</Filter>
    </ClInclude>
    <ClInclude Include="Components\QScintilla\scintilla\lexlib\LexerNoExceptions.h">
      <Filter>Header Files</Filter>
    </ClInclude>
    <ClInclude Include="Components\QScintilla\scintilla\lexlib\LexerSimple.h">
      <Filter>Header Files</Filter>
    </ClInclude>
    <ClInclude Include="Components\QScintilla\scintilla\src\LineMarker.h">
      <Filter>Header Files</Filter>
    </ClInclude>
    <ClInclude Include="Components\QScintilla\src\ListBoxQt.h">
      <Filter>Header Files</Filter>
    </ClInclude>
    <QtMoc Include="MainWindow.h">
      <Filter>Header Files</Filter>
    </QtMoc>
    <ClInclude Include="Components\QScintilla\scintilla\src\MarginView.h">
      <Filter>Header Files</Filter>
    </ClInclude>
    <ClInclude Include="Components\MemoryVisualizer\ModelTranslator.h">
      <Filter>Header Files</Filter>
    </ClInclude>
    <ClInclude Include="Components\QScintilla\scintilla\lexlib\OptionSet.h">
      <Filter>Header Files</Filter>
    </ClInclude>
    <ClInclude Include="Components\QScintilla\scintilla\src\Partitioning.h">
      <Filter>Header Files</Filter>
    </ClInclude>
    <ClInclude Include="Components\QScintilla\scintilla\src\PerLine.h">
      <Filter>Header Files</Filter>
    </ClInclude>
    <ClInclude Include="Components\QScintilla\scintilla\include\Platform.h">
      <Filter>Header Files</Filter>
    </ClInclude>
    <ClInclude Include="Components\QScintilla\scintilla\src\Position.h">
      <Filter>Header Files</Filter>
    </ClInclude>
    <ClInclude Include="Components\QScintilla\scintilla\src\PositionCache.h">
      <Filter>Header Files</Filter>
    </ClInclude>
    <ClInclude Include="Components\QScintilla\scintilla\lexlib\PropSetSimple.h">
      <Filter>Header Files</Filter>
    </ClInclude>
    <QtMoc Include="Components\QChromeTab\QChromeTabButton.h">
      <Filter>Header Files</Filter>
    </QtMoc>
    <QtMoc Include="Components\QChromeTab\QChromeTabWidget.h">
      <Filter>Header Files</Filter>
    </QtMoc>
    <QtMoc Include="LinkerScriptManager\QLinkerScriptManager.h">
      <Filter>Header Files</Filter>
    </QtMoc>
    <QtMoc Include="Widgets\QLinkerScriptPanel.h">
      <Filter>Header Files</Filter>
    </QtMoc>
    <QtMoc Include="Components\QLinkerScriptSession\QLinkerScriptSession.h">
      <Filter>Header Files</Filter>
    </QtMoc>
    <QtMoc Include="Components\MemoryVisualizer\QMemoryVisualizer.h">
      <Filter>Header Files</Filter>
    </QtMoc>
    <ClInclude Include="QueryEngine\QueryCenter.h">
      <Filter>Header Files</Filter>
    </ClInclude>
    <ClInclude Include="Components\QScintilla\scintilla\src\RESearch.h">
      <Filter>Header Files</Filter>
    </ClInclude>
    <ClInclude Include="Models\Raw\RawEntryType.h">
      <Filter>Header Files</Filter>
    </ClInclude>
    <ClInclude Include="Components\QScintilla\scintilla\src\RunStyles.h">
      <Filter>Header Files</Filter>
    </ClInclude>
    <ClInclude Include="Components\MemoryVisualizer\SBackendResponse.h">
      <Filter>Header Files</Filter>
    </ClInclude>
    <ClInclude Include="Components\MemoryVisualizer\Models\SPointF.h">
      <Filter>Header Files</Filter>
    </ClInclude>
    <ClInclude Include="Components\MemoryVisualizer\Models\SRectangleF.h">
      <Filter>Header Files</Filter>
    </ClInclude>
    <ClInclude Include="Components\QScintilla\src\SciAccessibility.h">
      <Filter>Header Files</Filter>
    </ClInclude>
    <QtMoc Include="Components\QScintilla\src\SciClasses.h">
      <Filter>Header Files</Filter>
    </QtMoc>
    <ClInclude Include="Components\QScintilla\scintilla\include\SciLexer.h">
      <Filter>Header Files</Filter>
    </ClInclude>
    <ClInclude Include="Components\QScintilla\scintilla\include\Sci_Position.h">
      <Filter>Header Files</Filter>
    </ClInclude>
    <ClInclude Include="Components\QScintilla\scintilla\include\Scintilla.h">
      <Filter>Header Files</Filter>
    </ClInclude>
    <ClInclude Include="Components\QScintilla\scintilla\src\ScintillaBase.h">
      <Filter>Header Files</Filter>
    </ClInclude>
    <QtMoc Include="Components\QScintilla\src\ScintillaQt.h">
      <Filter>Header Files</Filter>
    </QtMoc>
    <ClInclude Include="Components\QScintilla\scintilla\include\ScintillaWidget.h">
      <Filter>Header Files</Filter>
    </ClInclude>
    <ClInclude Include="Components\QScintilla\scintilla\src\Selection.h">
      <Filter>Header Files</Filter>
    </ClInclude>
    <ClInclude Include="Components\QScintilla\scintilla\lexlib\SparseState.h">
      <Filter>Header Files</Filter>
    </ClInclude>
    <ClInclude Include="Components\QScintilla\scintilla\src\SparseVector.h">
      <Filter>Header Files</Filter>
    </ClInclude>
    <ClInclude Include="Components\QScintilla\scintilla\src\SplitVector.h">
      <Filter>Header Files</Filter>
    </ClInclude>
    <ClInclude Include="Components\QScintilla\scintilla\lexlib\StringCopy.h">
      <Filter>Header Files</Filter>
    </ClInclude>
    <ClInclude Include="Components\QScintilla\scintilla\src\Style.h">
      <Filter>Header Files</Filter>
    </ClInclude>
    <ClInclude Include="Components\QScintilla\scintilla\lexlib\StyleContext.h">
      <Filter>Header Files</Filter>
    </ClInclude>
    <ClInclude Include="ParsingEngine\SubParsers\SubParserHelpers.h">
      <Filter>Header Files</Filter>
    </ClInclude>
    <ClInclude Include="ParsingEngine\SubParsers\SubParserType.h">
      <Filter>Header Files</Filter>
    </ClInclude>
    <ClInclude Include="Components\QScintilla\scintilla\lexlib\SubStyles.h">
      <Filter>Header Files</Filter>
    </ClInclude>
    <ClInclude Include="Components\QScintilla\scintilla\src\UniConversion.h">
      <Filter>Header Files</Filter>
    </ClInclude>
    <ClInclude Include="Components\QScintilla\scintilla\src\UniqueString.h">
      <Filter>Header Files</Filter>
    </ClInclude>
    <ClInclude Include="Components\QScintilla\scintilla\src\ViewStyle.h">
      <Filter>Header Files</Filter>
    </ClInclude>
    <ClInclude Include="Components\QScintilla\scintilla\lexlib\WordList.h">
      <Filter>Header Files</Filter>
    </ClInclude>
    <ClInclude Include="Components\QScintilla\scintilla\src\XPM.h">
      <Filter>Header Files</Filter>
    </ClInclude>
    <QtMoc Include="Components\QScintilla\src\Qsci\qsciabstractapis.h">
      <Filter>Header Files</Filter>
    </QtMoc>
    <QtMoc Include="Components\QScintilla\src\Qsci\qsciapis.h">
      <Filter>Header Files</Filter>
    </QtMoc>
    <ClInclude Include="Components\QScintilla\src\Qsci\qscicommand.h">
      <Filter>Header Files</Filter>
    </ClInclude>
    <ClInclude Include="Components\QScintilla\src\Qsci\qscicommandset.h">
      <Filter>Header Files</Filter>
    </ClInclude>
    <ClInclude Include="Components\QScintilla\src\Qsci\qscidocument.h">
      <Filter>Header Files</Filter>
    </ClInclude>
    <ClInclude Include="Components\QScintilla\src\Qsci\qsciglobal.h">
      <Filter>Header Files</Filter>
    </ClInclude>
    <QtMoc Include="Components\QScintilla\src\Qsci\qscilexer.h">
      <Filter>Header Files</Filter>
    </QtMoc>
    <QtMoc Include="Components\QScintilla\src\Qsci\qscilexercpp.h">
      <Filter>Header Files</Filter>
    </QtMoc>
    <QtMoc Include="Components\QScintilla\src\Qsci\qscilexerlinkerscript.h">
      <Filter>Header Files</Filter>
    </QtMoc>
    <QtMoc Include="Components\QScintilla\src\Qsci\qscimacro.h">
      <Filter>Header Files</Filter>
    </QtMoc>
    <ClInclude Include="Components\QScintilla\src\Qsci\qsciprinter.h">
      <Filter>Header Files</Filter>
    </ClInclude>
    <QtMoc Include="Components\QScintilla\src\Qsci\qsciscintilla.h">
      <Filter>Header Files</Filter>
    </QtMoc>
    <QtMoc Include="Components\QScintilla\src\Qsci\qsciscintillabase.h">
      <Filter>Header Files</Filter>
    </QtMoc>
    <ClInclude Include="Components\QScintilla\src\Qsci\qscistyle.h">
      <Filter>Header Files</Filter>
    </ClInclude>
    <ClInclude Include="Components\QScintilla\src\Qsci\qscistyledtext.h">
      <Filter>Header Files</Filter>
    </ClInclude>
    <ClInclude Include="Components\QSearchPopup\SearchReplaceRequestTypeEnum.h">
      <Filter>Generated Files</Filter>
    </ClInclude>
    <ClInclude Include="Components\QSearchPopup\SearchPerimeterTypeEnum.h">
      <Filter>Generated Files</Filter>
    </ClInclude>
    <ClInclude Include="Components\InputDialogs\QListAssistedInput.h">
      <Filter>Generated Files</Filter>
    </ClInclude>
    <ClInclude Include="MD5\MD5.h">
      <Filter>Generated Files</Filter>
    </ClInclude>
    <ClInclude Include="MD5\MD5_loc.h">
      <Filter>Generated Files</Filter>
    </ClInclude>
    <ClInclude Include="Components\QScintilla\VlsScintilla.h">
      <Filter>Generated Files</Filter>
    </ClInclude>
    <ClInclude Include="Models\CIndentationInfo.h">
      <Filter>Generated Files</Filter>
    </ClInclude>
    <ClInclude Include="Components\QLinkerScriptSession\AutoStyling\CAutoStyler.h">
      <Filter>Generated Files</Filter>
    </ClInclude>
    <ClInclude Include="Components\QLinkerScriptSession\AutoStyling\SStylerActionBase.h">
      <Filter>Generated Files</Filter>
    </ClInclude>
    <ClInclude Include="Components\QLinkerScriptSession\AutoStyling\SStylerAddContent.h">
      <Filter>Generated Files</Filter>
    </ClInclude>
    <ClInclude Include="Components\QLinkerScriptSession\AutoStyling\SStylerRemoveContent.h">
      <Filter>Generated Files</Filter>
    </ClInclude>
    <ClInclude Include="ParsingEngine\CLexerViolation.h">
      <Filter>Generated Files</Filter>
    </ClInclude>
    <ClInclude Include="ParsingEngine\ELexerViolationCode.h">
      <Filter>Generated Files</Filter>
    </ClInclude>
    <ClInclude Include="Models\ESeverityCode.h">
      <Filter>Generated Files</Filter>
    </ClInclude>
    <ClInclude Include="Models\CComment.h">
      <Filter>Generated Files</Filter>
    </ClInclude>
  </ItemGroup>
  <ItemGroup>
    <CustomBuild Include="release\moc_predefs.h.cbt">
      <Filter>Generated Files</Filter>
    </CustomBuild>
  </ItemGroup>
  <ItemGroup>
    <QtUic Include="MainWindow.ui">
      <Filter>Form Files</Filter>
    </QtUic>
  </ItemGroup>
  <ItemGroup>
    <QtRcc Include="Resources.qrc">
      <Filter>Resource Files</Filter>
    </QtRcc>
    <None Include="Images\close-sm-svgrepo-com.svg">
      <Filter>Resource Files</Filter>
    </None>
    <None Include="Stylesheets\colorpalette.txt">
      <Filter>Resource Files</Filter>
    </None>
    <None Include="Stylesheets\default.qss">
      <Filter>Resource Files</Filter>
    </None>
  </ItemGroup>
  <ItemGroup>
    <QtMoc Include="Components\QSearchPopup\QSearchPopup.h">
      <Filter>Header Files</Filter>
    </QtMoc>
    <QtMoc Include="Components\QFlatCheckBox\QFlatCheckBox.h">
      <Filter>Generated Files</Filter>
    </QtMoc>
    <QtMoc Include="Components\InputDialogs\QLabelAssistedInput.h">
      <Filter>Generated Files</Filter>
    </QtMoc>
    <QtMoc Include="Components\QManualSizeGrip\QManualSizeGrip.h">
      <Filter>Generated Files</Filter>
    </QtMoc>
  </ItemGroup>
  <ItemGroup>
    <None Include="Images\arrow-drop-down-icon.svg" />
    <None Include="Images\chevron-right-icon.svg" />
    <None Include="Images\close-icon.svg" />
    <None Include="Images\find-replace-icon.svg" />
    <None Include="Images\expand-more-icon.svg" />
    <None Include="Images\match-case-icon.svg" />
    <None Include="Images\regular-expression-icon.svg" />
    <None Include="Images\match-word-icon.svg" />
    <None Include="Images\search-magnifying-glass-icon.svg" />
    <None Include="Images\arrow-drop-up-icon.svg" />
    <None Include="Images\arrow-left-icon.svg" />
    <None Include="Images\arrow-right-icon.svg" />
    <None Include="Images\close-icon-black.svg" />
  </ItemGroup>
</Project>