
Microsoft Visual Studio Solution File, Format Version 12.00
# Visual Studio Version 17
VisualStudioVersion = 17.3.32811.315
MinimumVisualStudioVersion = 10.0.40219.1
Project("{8BC9CEB8-8B4A-11D0-8D11-00A0C91BC942}") = "VisualLinkerScript", "src\VisualLinkerScript.vcxproj", "{4F41248D-51D4-3A55-B974-D0F930BF8F65}"
EndProject
Global
	GlobalSection(SolutionConfigurationPlatforms) = preSolution
		Debug|x64 = Debug|x64
		Release|x64 = Release|x64
	EndGlobalSection
	GlobalSection(ProjectConfigurationPlatforms) = postSolution
		{4F41248D-51D4-3A55-B974-D0F930BF8F65}.Debug|x64.ActiveCfg = Debug|x64
		{4F41248D-51D4-3A55-B974-D0F930BF8F65}.Debug|x64.Build.0 = Debug|x64
		{4F41248D-51D4-3A55-B974-D0F930BF8F65}.Release|x64.ActiveCfg = Release|x64
		{4F41248D-51D4-3A55-B974-D0F930BF8F65}.Release|x64.Build.0 = Release|x64
	EndGlobalSection
	GlobalSection(SolutionProperties) = preSolution
		HideSolutionNode = FALSE
	EndGlobalSection
	GlobalSection(ExtensibilityGlobals) = postSolution
		SolutionGuid = {4772377F-2677-4CB2-AD43-687ED47D4AD4}
	EndGlobalSection
EndGlobal
